PODS:
  - Alamofire (4.8.2)
  - Cosmos (19.0.3)
  - IQKeyboardManagerSwift (6.4.1)
  - Kingfisher (5.7.0)
  - SwiftyJSON (5.0.0)

DEPENDENCIES:
  - Alamofire
  - Cosmos
  - IQKeyboardManagerSwift
  - Kingfisher
  - SwiftyJSON

SPEC REPOS:
  https://github.com/cocoapods/specs.git:
    - Alamofire
    - Cosmos
    - IQKeyboardManagerSwift
    - Kingfisher
    - SwiftyJSON

SPEC CHECKSUMS:
  Alamofire: ae5c501addb7afdbb13687d7f2f722c78734c2d3
  Cosmos: a6fb17284281fa12cf4c85c2efecd440a215ec44
  IQKeyboardManagerSwift: d2df660d0b8d64a15cb2537c9ff303213fa515b2
  Kingfisher: c7d211b54f1f30d8060aadab177d52b4349c825b
  SwiftyJSON: 36413e04c44ee145039d332b4f4e2d3e8d6c4db7

PODFILE CHECKSUM: 69d6ba4ff1cbbf0f90ccb3d86a3d100b2835bbae

COCOAPODS: 1.5.2
