// !$*UTF8*$!
{
	archiveVersion = 1;
	classes = {
	};
	objectVersion = 50;
	objects = {

/* Begin PBXBuildFile section */
		745744703AD262BBD903B09B /* Pods_IMMUNITY.framework in Frameworks */ = {isa = PBXBuildFile; fileRef = 170890E670AA592F629ADED4 /* Pods_IMMUNITY.framework */; };
		9603CC6124D86C2700035A11 /* headTicket.swift in Sources */ = {isa = PBXBuildFile; fileRef = 9603CC6024D86C2700035A11 /* headTicket.swift */; };
		9605768D2430EFE800660EA6 /* FavoritesVCTableViewCell.swift in Sources */ = {isa = PBXBuildFile; fileRef = 9605768C2430EFE800660EA6 /* FavoritesVCTableViewCell.swift */; };
		9605769324310A6900660EA6 /* DFirstVC.swift in Sources */ = {isa = PBXBuildFile; fileRef = 9605769224310A6900660EA6 /* DFirstVC.swift */; };
		960A2D5624D4C66B00035A11 /* authAPI.swift in Sources */ = {isa = PBXBuildFile; fileRef = 960A2D5524D4C66B00035A11 /* authAPI.swift */; };
		960A2D5A24D4C69B00035A11 /* auth.swift in Sources */ = {isa = PBXBuildFile; fileRef = 960A2D5924D4C69B00035A11 /* auth.swift */; };
		960CE3D723DF8A22001A8818 /* JSON+Extentions.swift in Sources */ = {isa = PBXBuildFile; fileRef = 960CE3D623DF8A22001A8818 /* JSON+Extentions.swift */; };
		96197849243F91E400AB8A9A /* Doctor.storyboard in Resources */ = {isa = PBXBuildFile; fileRef = 96197848243F91E400AB8A9A /* Doctor.storyboard */; };
		9619784B243F92ED00AB8A9A /* DAppointmentVC.swift in Sources */ = {isa = PBXBuildFile; fileRef = 9619784A243F92ED00AB8A9A /* DAppointmentVC.swift */; };
		9619784D243F932700AB8A9A /* TableViewCellAppoint.swift in Sources */ = {isa = PBXBuildFile; fileRef = 9619784C243F932700AB8A9A /* TableViewCellAppoint.swift */; };
		962803292400338000B3ABFD /* ApprovalListVC.swift in Sources */ = {isa = PBXBuildFile; fileRef = 962803282400338000B3ABFD /* ApprovalListVC.swift */; };
		9628032B240034EA00B3ABFD /* ApprovalListConfirmTableViewCell.swift in Sources */ = {isa = PBXBuildFile; fileRef = 9628032A240034EA00B3ABFD /* ApprovalListConfirmTableViewCell.swift */; };
		962C46D124DA125200035A11 /* headers.swift in Sources */ = {isa = PBXBuildFile; fileRef = 962C46D024DA125200035A11 /* headers.swift */; };
		962C46D324DA242A00035A11 /* headBookings.swift in Sources */ = {isa = PBXBuildFile; fileRef = 962C46D224DA242A00035A11 /* headBookings.swift */; };
		962FF6D3243276D800F0C86B /* tickets.swift in Sources */ = {isa = PBXBuildFile; fileRef = 962FF6D2243276D800F0C86B /* tickets.swift */; };
		962FF6D52432A22200F0C86B /* TicketsApi.swift in Sources */ = {isa = PBXBuildFile; fileRef = 962FF6D42432A22200F0C86B /* TicketsApi.swift */; };
		963EB50B24D5CD6400035A11 /* DMoreVC.swift in Sources */ = {isa = PBXBuildFile; fileRef = 963EB50A24D5CD6400035A11 /* DMoreVC.swift */; };
		963EB50D24D7452000035A11 /* ShowDoctorTicketsVC.swift in Sources */ = {isa = PBXBuildFile; fileRef = 963EB50C24D7452000035A11 /* ShowDoctorTicketsVC.swift */; };
		963EB50F24D7458000035A11 /* CreateDoctorTicketsVC.swift in Sources */ = {isa = PBXBuildFile; fileRef = 963EB50E24D7458000035A11 /* CreateDoctorTicketsVC.swift */; };
		963EB51424D76EA100035A11 /* saturday.swift in Sources */ = {isa = PBXBuildFile; fileRef = 963EB51324D76EA100035A11 /* saturday.swift */; };
		963EB51624D76EB200035A11 /* sunday.swift in Sources */ = {isa = PBXBuildFile; fileRef = 963EB51524D76EB200035A11 /* sunday.swift */; };
		963EB51824D76EBE00035A11 /* Monday.swift in Sources */ = {isa = PBXBuildFile; fileRef = 963EB51724D76EBE00035A11 /* Monday.swift */; };
		963EB51A24D76EEB00035A11 /* Wednesday.swift in Sources */ = {isa = PBXBuildFile; fileRef = 963EB51924D76EEB00035A11 /* Wednesday.swift */; };
		963EB51C24D76F0300035A11 /* Thursday.swift in Sources */ = {isa = PBXBuildFile; fileRef = 963EB51B24D76F0300035A11 /* Thursday.swift */; };
		963EB51E24D76F1800035A11 /* Tuesday.swift in Sources */ = {isa = PBXBuildFile; fileRef = 963EB51D24D76F1800035A11 /* Tuesday.swift */; };
		963EB52024D76F3200035A11 /* Friday.swift in Sources */ = {isa = PBXBuildFile; fileRef = 963EB51F24D76F3200035A11 /* Friday.swift */; };
		963EB52224D7883A00035A11 /* ShowDoctorTicketsCollectionViewCell.swift in Sources */ = {isa = PBXBuildFile; fileRef = 963EB52124D7883A00035A11 /* ShowDoctorTicketsCollectionViewCell.swift */; };
		963EB52424D7979B00035A11 /* MainDoctors.swift in Sources */ = {isa = PBXBuildFile; fileRef = 963EB52324D7979B00035A11 /* MainDoctors.swift */; };
		9669B30A23FEC08E0051ED74 /* TicketInformationVC.swift in Sources */ = {isa = PBXBuildFile; fileRef = 9669B30923FEC08E0051ED74 /* TicketInformationVC.swift */; };
		966D37EF23929B63009E6A43 /* AppDelegate.swift in Sources */ = {isa = PBXBuildFile; fileRef = 966D37EE23929B63009E6A43 /* AppDelegate.swift */; };
		966D37F123929B63009E6A43 /* FirstVC.swift in Sources */ = {isa = PBXBuildFile; fileRef = 966D37F023929B63009E6A43 /* FirstVC.swift */; };
		966D37F423929B63009E6A43 /* Patient.storyboard in Resources */ = {isa = PBXBuildFile; fileRef = 966D37F223929B63009E6A43 /* Patient.storyboard */; };
		966D37F723929B63009E6A43 /* IMMUNITY.xcdatamodeld in Sources */ = {isa = PBXBuildFile; fileRef = 966D37F523929B63009E6A43 /* IMMUNITY.xcdatamodeld */; };
		966D37FC23929B65009E6A43 /* LaunchScreen.storyboard in Resources */ = {isa = PBXBuildFile; fileRef = 966D37FA23929B65009E6A43 /* LaunchScreen.storyboard */; };
		966D380523929F76009E6A43 /* RoundedEdges.swift in Sources */ = {isa = PBXBuildFile; fileRef = 966D380423929F76009E6A43 /* RoundedEdges.swift */; };
		966D380723929FBF009E6A43 /* RoundedTF.swift in Sources */ = {isa = PBXBuildFile; fileRef = 966D380623929FBF009E6A43 /* RoundedTF.swift */; };
		966D380B2392B9E0009E6A43 /* LoginVC.swift in Sources */ = {isa = PBXBuildFile; fileRef = 966D380A2392B9E0009E6A43 /* LoginVC.swift */; };
		966D380E2392BB02009E6A43 /* ShowAlert.swift in Sources */ = {isa = PBXBuildFile; fileRef = 966D380D2392BB02009E6A43 /* ShowAlert.swift */; };
		966D38102392BB37009E6A43 /* SignUpVC.swift in Sources */ = {isa = PBXBuildFile; fileRef = 966D380F2392BB37009E6A43 /* SignUpVC.swift */; };
		966D38122392D4BF009E6A43 /* gradiantColor.swift in Sources */ = {isa = PBXBuildFile; fileRef = 966D38112392D4BF009E6A43 /* gradiantColor.swift */; };
		966D381523955D57009E6A43 /* API+Auth.swift in Sources */ = {isa = PBXBuildFile; fileRef = 966D381423955D57009E6A43 /* API+Auth.swift */; };
		966D3818239588F8009E6A43 /* config.swift in Sources */ = {isa = PBXBuildFile; fileRef = 966D3817239588F8009E6A43 /* config.swift */; };
		966D382323972AB2009E6A43 /* Cairo-Regular.ttf in Resources */ = {isa = PBXBuildFile; fileRef = 966D381D23972AB0009E6A43 /* Cairo-Regular.ttf */; };
		966D382423972AB2009E6A43 /* Cairo-ExtraLight.ttf in Resources */ = {isa = PBXBuildFile; fileRef = 966D381E23972AB1009E6A43 /* Cairo-ExtraLight.ttf */; };
		966D382523972AB2009E6A43 /* Cairo-SemiBold.ttf in Resources */ = {isa = PBXBuildFile; fileRef = 966D381F23972AB1009E6A43 /* Cairo-SemiBold.ttf */; };
		966D382623972AB2009E6A43 /* Cairo-Light.ttf in Resources */ = {isa = PBXBuildFile; fileRef = 966D382023972AB1009E6A43 /* Cairo-Light.ttf */; };
		966D382723972AB2009E6A43 /* Cairo-Bold.ttf in Resources */ = {isa = PBXBuildFile; fileRef = 966D382123972AB2009E6A43 /* Cairo-Bold.ttf */; };
		966D382823972AB2009E6A43 /* Cairo-Black.ttf in Resources */ = {isa = PBXBuildFile; fileRef = 966D382223972AB2009E6A43 /* Cairo-Black.ttf */; };
		966D382A23999DB4009E6A43 /* ResetPasswordVC.swift in Sources */ = {isa = PBXBuildFile; fileRef = 966D382923999DB4009E6A43 /* ResetPasswordVC.swift */; };
		966D382C2399AA56009E6A43 /* Text Image.swift in Sources */ = {isa = PBXBuildFile; fileRef = 966D382B2399AA56009E6A43 /* Text Image.swift */; };
		966D382E239AA024009E6A43 /* Helper.swift in Sources */ = {isa = PBXBuildFile; fileRef = 966D382D239AA024009E6A43 /* Helper.swift */; };
		966D713924DC38A300035A11 /* GetDocProfile.swift in Sources */ = {isa = PBXBuildFile; fileRef = 966D713824DC38A300035A11 /* GetDocProfile.swift */; };
		968184C824151F1900308CEE /* DoctorAPI.swift in Sources */ = {isa = PBXBuildFile; fileRef = 968184C724151F1900308CEE /* DoctorAPI.swift */; };
		96867DE523FD9CCE005CF342 /* SelectedDoctorVC.swift in Sources */ = {isa = PBXBuildFile; fileRef = 96867DE423FD9CCE005CF342 /* SelectedDoctorVC.swift */; };
		96867DE723FD9D09005CF342 /* PopupVisitorRatingVC.swift in Sources */ = {isa = PBXBuildFile; fileRef = 96867DE623FD9D09005CF342 /* PopupVisitorRatingVC.swift */; };
		96867DE923FD9D48005CF342 /* SearchByArea&SpecialityVC.swift in Sources */ = {isa = PBXBuildFile; fileRef = 96867DE823FD9D48005CF342 /* SearchByArea&SpecialityVC.swift */; };
		96867DEB23FD9D6A005CF342 /* SearchCritriaVC.swift in Sources */ = {isa = PBXBuildFile; fileRef = 96867DEA23FD9D6A005CF342 /* SearchCritriaVC.swift */; };
		96867DED23FD9D9E005CF342 /* File.swift in Sources */ = {isa = PBXBuildFile; fileRef = 96867DEC23FD9D9E005CF342 /* File.swift */; };
		96867DEF23FDAB71005CF342 /* VisitorRatingTableViewCell.swift in Sources */ = {isa = PBXBuildFile; fileRef = 96867DEE23FDAB71005CF342 /* VisitorRatingTableViewCell.swift */; };
		96867DF123FDAC12005CF342 /* SearchCritriaTableViewCell.swift in Sources */ = {isa = PBXBuildFile; fileRef = 96867DF023FDAC12005CF342 /* SearchCritriaTableViewCell.swift */; };
		96867DF323FDAC3E005CF342 /* SelectedDoctorCollectionViewCell.swift in Sources */ = {isa = PBXBuildFile; fileRef = 96867DF223FDAC3E005CF342 /* SelectedDoctorCollectionViewCell.swift */; };
		969165B824191E8800EC375A /* searchByDocNameVC.swift in Sources */ = {isa = PBXBuildFile; fileRef = 969165B724191E8800EC375A /* searchByDocNameVC.swift */; };
		96960146240AF42300621117 /* MyAppointmentWantCancledVCTableViewCell.swift in Sources */ = {isa = PBXBuildFile; fileRef = 96960145240AF42300621117 /* MyAppointmentWantCancledVCTableViewCell.swift */; };
		96960148240AF43B00621117 /* MyAppointmentDidCanceledVCTableViewCell.swift in Sources */ = {isa = PBXBuildFile; fileRef = 96960147240AF43B00621117 /* MyAppointmentDidCanceledVCTableViewCell.swift */; };
		9696F9AD24DB0C0D00035A11 /* TicketInformationVC2.swift in Sources */ = {isa = PBXBuildFile; fileRef = 9696F9AC24DB0C0D00035A11 /* TicketInformationVC2.swift */; };
		9696F9AF24DB447C00035A11 /* headCurrentBooking.swift in Sources */ = {isa = PBXBuildFile; fileRef = 9696F9AE24DB447C00035A11 /* headCurrentBooking.swift */; };
		9698B66E2403396200DD3B83 /* BookDoctorTableViewCell.swift in Sources */ = {isa = PBXBuildFile; fileRef = 9698B66C2403395F00DD3B83 /* BookDoctorTableViewCell.swift */; };
		96A8D18B23F363AF003C3EAB /* ContactUsVC.swift in Sources */ = {isa = PBXBuildFile; fileRef = 96A8D18A23F363AF003C3EAB /* ContactUsVC.swift */; };
		96A8D18D23F3A625003C3EAB /* AboutImmunityVC.swift in Sources */ = {isa = PBXBuildFile; fileRef = 96A8D18C23F3A625003C3EAB /* AboutImmunityVC.swift */; };
		96A8D18F23F3ABA0003C3EAB /* API+UpdatePatientData.swift in Sources */ = {isa = PBXBuildFile; fileRef = 96A8D18E23F3ABA0003C3EAB /* API+UpdatePatientData.swift */; };
		96A8D19223F3B202003C3EAB /* SearchVC.swift in Sources */ = {isa = PBXBuildFile; fileRef = 96A8D19123F3B202003C3EAB /* SearchVC.swift */; };
		96A9701F246752820061B04A /* message.swift in Sources */ = {isa = PBXBuildFile; fileRef = 96A9701E246752820061B04A /* message.swift */; };
		96AD201623E32A600053657F /* moreVC.swift in Sources */ = {isa = PBXBuildFile; fileRef = 96AD201523E32A600053657F /* moreVC.swift */; };
		96AED7E02498FBEC009F1498 /* HEditDoctorSearchVC.swift in Sources */ = {isa = PBXBuildFile; fileRef = 96AED7DF2498FBEC009F1498 /* HEditDoctorSearchVC.swift */; };
		96AED7E224990412009F1498 /* HEditDoctorSearchTableViewCell.swift in Sources */ = {isa = PBXBuildFile; fileRef = 96AED7E124990412009F1498 /* HEditDoctorSearchTableViewCell.swift */; };
		96AED7E424991585009F1498 /* HEditSelectedDoctorVC.swift in Sources */ = {isa = PBXBuildFile; fileRef = 96AED7E324991585009F1498 /* HEditSelectedDoctorVC.swift */; };
		96AED7E6249954CA009F1498 /* HEditSelectedDoctorActionVC.swift in Sources */ = {isa = PBXBuildFile; fileRef = 96AED7E5249954CA009F1498 /* HEditSelectedDoctorActionVC.swift */; };
		96B55C4023F2DA3F0069AEC5 /* settingVC.swift in Sources */ = {isa = PBXBuildFile; fileRef = 96B55C3F23F2DA3F0069AEC5 /* settingVC.swift */; };
		96B55C4223F2DBC40069AEC5 /* UpdateDataVC.swift in Sources */ = {isa = PBXBuildFile; fileRef = 96B55C4123F2DBC40069AEC5 /* UpdateDataVC.swift */; };
		96B55C4423F2E8A00069AEC5 /* ChangePasswordVC.swift in Sources */ = {isa = PBXBuildFile; fileRef = 96B55C4323F2E8A00069AEC5 /* ChangePasswordVC.swift */; };
		96B88C63243F7BCD00D4F05E /* MStabBar.swift in Sources */ = {isa = PBXBuildFile; fileRef = 96B88C62243F7BCD00D4F05E /* MStabBar.swift */; };
		96D28B41243A58F80062877D /* DetailViewController.swift in Sources */ = {isa = PBXBuildFile; fileRef = 96D28B40243A58F80062877D /* DetailViewController.swift */; };
		96E0A9C323F34FA70027BA06 /* assets.xcassets in Resources */ = {isa = PBXBuildFile; fileRef = 96E0A9C223F34FA70027BA06 /* assets.xcassets */; };
		96E40F062449DF6B00F3AB1D /* DSignInVC.swift in Sources */ = {isa = PBXBuildFile; fileRef = 96E40F052449DF6B00F3AB1D /* DSignInVC.swift */; };
		96E40F082449E0DA00F3AB1D /* SelectLoginVC.swift in Sources */ = {isa = PBXBuildFile; fileRef = 96E40F072449E0DA00F3AB1D /* SelectLoginVC.swift */; };
		96E9186924045F4600D4A60C /* AppointmentDetailsVC.swift in Sources */ = {isa = PBXBuildFile; fileRef = 96E9186824045F4600D4A60C /* AppointmentDetailsVC.swift */; };
		96E9186B240483C600D4A60C /* AppointmentDetailsTableViewCell.swift in Sources */ = {isa = PBXBuildFile; fileRef = 96E9186A240483C600D4A60C /* AppointmentDetailsTableViewCell.swift */; };
		96ECDC02240EC1B400C29834 /* Hospital.storyboard in Resources */ = {isa = PBXBuildFile; fileRef = 96ECDC01240EC1B400C29834 /* Hospital.storyboard */; };
		96ECDC05240EC57700C29834 /* HFirstVC.swift in Sources */ = {isa = PBXBuildFile; fileRef = 96ECDC04240EC57700C29834 /* HFirstVC.swift */; };
		96ECDC07240ECE8000C29834 /* HClinicDefinitionVC.swift in Sources */ = {isa = PBXBuildFile; fileRef = 96ECDC06240ECE8000C29834 /* HClinicDefinitionVC.swift */; };
		96ECDC09240ED11200C29834 /* HCreateDoctorVC.swift in Sources */ = {isa = PBXBuildFile; fileRef = 96ECDC08240ED11200C29834 /* HCreateDoctorVC.swift */; };
		96ECDC0B240EF67200C29834 /* doctors.swift in Sources */ = {isa = PBXBuildFile; fileRef = 96ECDC0A240EF67200C29834 /* doctors.swift */; };
		96ED723A23FEDAA0009EFA70 /* BookingConfirmationVC.swift in Sources */ = {isa = PBXBuildFile; fileRef = 96ED723923FEDAA0009EFA70 /* BookingConfirmationVC.swift */; };
		96ED723C23FEDB0F009EFA70 /* MyAppointmentVC.swift in Sources */ = {isa = PBXBuildFile; fileRef = 96ED723B23FEDB0F009EFA70 /* MyAppointmentVC.swift */; };
		96ED723E23FF5362009EFA70 /* FavoritesVC.swift in Sources */ = {isa = PBXBuildFile; fileRef = 96ED723D23FF5362009EFA70 /* FavoritesVC.swift */; };
		96ED724423FF5988009EFA70 /* TabBarVCs.swift in Sources */ = {isa = PBXBuildFile; fileRef = 96ED724323FF5988009EFA70 /* TabBarVCs.swift */; };
		96ED72472400080F009EFA70 /* MyAppointmentVCTableViewCell.swift in Sources */ = {isa = PBXBuildFile; fileRef = 96ED72462400080F009EFA70 /* MyAppointmentVCTableViewCell.swift */; };
		96FEF8E9241C95E7003D574F /* loadMore.swift in Sources */ = {isa = PBXBuildFile; fileRef = 96FEF8E8241C95E7003D574F /* loadMore.swift */; };
/* End PBXBuildFile section */

/* Begin PBXFileReference section */
		170890E670AA592F629ADED4 /* Pods_IMMUNITY.framework */ = {isa = PBXFileReference; explicitFileType = wrapper.framework; includeInIndex = 0; path = Pods_IMMUNITY.framework; sourceTree = BUILT_PRODUCTS_DIR; };
		457436457AD0E0E2B8076D61 /* Pods-IMMUNITY.debug.xcconfig */ = {isa = PBXFileReference; includeInIndex = 1; lastKnownFileType = text.xcconfig; name = "Pods-IMMUNITY.debug.xcconfig"; path = "Pods/Target Support Files/Pods-IMMUNITY/Pods-IMMUNITY.debug.xcconfig"; sourceTree = "<group>"; };
		9603CC6024D86C2700035A11 /* headTicket.swift */ = {isa = PBXFileReference; lastKnownFileType = sourcecode.swift; path = headTicket.swift; sourceTree = "<group>"; };
		9605768C2430EFE800660EA6 /* FavoritesVCTableViewCell.swift */ = {isa = PBXFileReference; lastKnownFileType = sourcecode.swift; path = FavoritesVCTableViewCell.swift; sourceTree = "<group>"; };
		9605769224310A6900660EA6 /* DFirstVC.swift */ = {isa = PBXFileReference; lastKnownFileType = sourcecode.swift; path = DFirstVC.swift; sourceTree = "<group>"; };
		960A2D5524D4C66B00035A11 /* authAPI.swift */ = {isa = PBXFileReference; lastKnownFileType = sourcecode.swift; path = authAPI.swift; sourceTree = "<group>"; };
		960A2D5924D4C69B00035A11 /* auth.swift */ = {isa = PBXFileReference; lastKnownFileType = sourcecode.swift; path = auth.swift; sourceTree = "<group>"; };
		960CE3D623DF8A22001A8818 /* JSON+Extentions.swift */ = {isa = PBXFileReference; lastKnownFileType = sourcecode.swift; path = "JSON+Extentions.swift"; sourceTree = "<group>"; };
		96197848243F91E400AB8A9A /* Doctor.storyboard */ = {isa = PBXFileReference; lastKnownFileType = file.storyboard; path = Doctor.storyboard; sourceTree = "<group>"; };
		9619784A243F92ED00AB8A9A /* DAppointmentVC.swift */ = {isa = PBXFileReference; lastKnownFileType = sourcecode.swift; path = DAppointmentVC.swift; sourceTree = "<group>"; };
		9619784C243F932700AB8A9A /* TableViewCellAppoint.swift */ = {isa = PBXFileReference; lastKnownFileType = sourcecode.swift; path = TableViewCellAppoint.swift; sourceTree = "<group>"; };
		962803282400338000B3ABFD /* ApprovalListVC.swift */ = {isa = PBXFileReference; lastKnownFileType = sourcecode.swift; path = ApprovalListVC.swift; sourceTree = "<group>"; };
		9628032A240034EA00B3ABFD /* ApprovalListConfirmTableViewCell.swift */ = {isa = PBXFileReference; lastKnownFileType = sourcecode.swift; path = ApprovalListConfirmTableViewCell.swift; sourceTree = "<group>"; };
		962C46D024DA125200035A11 /* headers.swift */ = {isa = PBXFileReference; lastKnownFileType = sourcecode.swift; path = headers.swift; sourceTree = "<group>"; };
		962C46D224DA242A00035A11 /* headBookings.swift */ = {isa = PBXFileReference; lastKnownFileType = sourcecode.swift; path = headBookings.swift; sourceTree = "<group>"; };
		962FF6D2243276D800F0C86B /* tickets.swift */ = {isa = PBXFileReference; lastKnownFileType = sourcecode.swift; path = tickets.swift; sourceTree = "<group>"; };
		962FF6D42432A22200F0C86B /* TicketsApi.swift */ = {isa = PBXFileReference; lastKnownFileType = sourcecode.swift; path = TicketsApi.swift; sourceTree = "<group>"; };
		963EB50A24D5CD6400035A11 /* DMoreVC.swift */ = {isa = PBXFileReference; lastKnownFileType = sourcecode.swift; path = DMoreVC.swift; sourceTree = "<group>"; };
		963EB50C24D7452000035A11 /* ShowDoctorTicketsVC.swift */ = {isa = PBXFileReference; lastKnownFileType = sourcecode.swift; path = ShowDoctorTicketsVC.swift; sourceTree = "<group>"; };
		963EB50E24D7458000035A11 /* CreateDoctorTicketsVC.swift */ = {isa = PBXFileReference; lastKnownFileType = sourcecode.swift; path = CreateDoctorTicketsVC.swift; sourceTree = "<group>"; };
		963EB51324D76EA100035A11 /* saturday.swift */ = {isa = PBXFileReference; lastKnownFileType = sourcecode.swift; path = saturday.swift; sourceTree = "<group>"; };
		963EB51524D76EB200035A11 /* sunday.swift */ = {isa = PBXFileReference; lastKnownFileType = sourcecode.swift; path = sunday.swift; sourceTree = "<group>"; };
		963EB51724D76EBE00035A11 /* Monday.swift */ = {isa = PBXFileReference; lastKnownFileType = sourcecode.swift; path = Monday.swift; sourceTree = "<group>"; };
		963EB51924D76EEB00035A11 /* Wednesday.swift */ = {isa = PBXFileReference; lastKnownFileType = sourcecode.swift; path = Wednesday.swift; sourceTree = "<group>"; };
		963EB51B24D76F0300035A11 /* Thursday.swift */ = {isa = PBXFileReference; lastKnownFileType = sourcecode.swift; path = Thursday.swift; sourceTree = "<group>"; };
		963EB51D24D76F1800035A11 /* Tuesday.swift */ = {isa = PBXFileReference; lastKnownFileType = sourcecode.swift; path = Tuesday.swift; sourceTree = "<group>"; };
		963EB51F24D76F3200035A11 /* Friday.swift */ = {isa = PBXFileReference; lastKnownFileType = sourcecode.swift; path = Friday.swift; sourceTree = "<group>"; };
		963EB52124D7883A00035A11 /* ShowDoctorTicketsCollectionViewCell.swift */ = {isa = PBXFileReference; lastKnownFileType = sourcecode.swift; path = ShowDoctorTicketsCollectionViewCell.swift; sourceTree = "<group>"; };
		963EB52324D7979B00035A11 /* MainDoctors.swift */ = {isa = PBXFileReference; lastKnownFileType = sourcecode.swift; path = MainDoctors.swift; sourceTree = "<group>"; };
		9669B30923FEC08E0051ED74 /* TicketInformationVC.swift */ = {isa = PBXFileReference; lastKnownFileType = sourcecode.swift; path = TicketInformationVC.swift; sourceTree = "<group>"; };
		966D37EB23929B63009E6A43 /* IMMUNITY.app */ = {isa = PBXFileReference; explicitFileType = wrapper.application; includeInIndex = 0; path = IMMUNITY.app; sourceTree = BUILT_PRODUCTS_DIR; };
		966D37EE23929B63009E6A43 /* AppDelegate.swift */ = {isa = PBXFileReference; lastKnownFileType = sourcecode.swift; path = AppDelegate.swift; sourceTree = "<group>"; };
		966D37F023929B63009E6A43 /* FirstVC.swift */ = {isa = PBXFileReference; lastKnownFileType = sourcecode.swift; path = FirstVC.swift; sourceTree = "<group>"; };
		966D37F323929B63009E6A43 /* Base */ = {isa = PBXFileReference; lastKnownFileType = file.storyboard; name = Base; path = Base.lproj/Patient.storyboard; sourceTree = "<group>"; };
		966D37F623929B63009E6A43 /* IMMUNITY.xcdatamodel */ = {isa = PBXFileReference; lastKnownFileType = wrapper.xcdatamodel; path = IMMUNITY.xcdatamodel; sourceTree = "<group>"; };
		966D37FB23929B65009E6A43 /* Base */ = {isa = PBXFileReference; lastKnownFileType = file.storyboard; name = Base; path = Base.lproj/LaunchScreen.storyboard; sourceTree = "<group>"; };
		966D37FD23929B65009E6A43 /* Info.plist */ = {isa = PBXFileReference; lastKnownFileType = text.plist.xml; path = Info.plist; sourceTree = "<group>"; };
		966D380423929F76009E6A43 /* RoundedEdges.swift */ = {isa = PBXFileReference; lastKnownFileType = sourcecode.swift; path = RoundedEdges.swift; sourceTree = "<group>"; };
		966D380623929FBF009E6A43 /* RoundedTF.swift */ = {isa = PBXFileReference; lastKnownFileType = sourcecode.swift; path = RoundedTF.swift; sourceTree = "<group>"; };
		966D380A2392B9E0009E6A43 /* LoginVC.swift */ = {isa = PBXFileReference; lastKnownFileType = sourcecode.swift; path = LoginVC.swift; sourceTree = "<group>"; };
		966D380D2392BB02009E6A43 /* ShowAlert.swift */ = {isa = PBXFileReference; lastKnownFileType = sourcecode.swift; path = ShowAlert.swift; sourceTree = "<group>"; };
		966D380F2392BB37009E6A43 /* SignUpVC.swift */ = {isa = PBXFileReference; lastKnownFileType = sourcecode.swift; path = SignUpVC.swift; sourceTree = "<group>"; };
		966D38112392D4BF009E6A43 /* gradiantColor.swift */ = {isa = PBXFileReference; lastKnownFileType = sourcecode.swift; path = gradiantColor.swift; sourceTree = "<group>"; };
		966D381423955D57009E6A43 /* API+Auth.swift */ = {isa = PBXFileReference; lastKnownFileType = sourcecode.swift; path = "API+Auth.swift"; sourceTree = "<group>"; };
		966D3817239588F8009E6A43 /* config.swift */ = {isa = PBXFileReference; lastKnownFileType = sourcecode.swift; path = config.swift; sourceTree = "<group>"; };
		966D381D23972AB0009E6A43 /* Cairo-Regular.ttf */ = {isa = PBXFileReference; lastKnownFileType = file; path = "Cairo-Regular.ttf"; sourceTree = "<group>"; };
		966D381E23972AB1009E6A43 /* Cairo-ExtraLight.ttf */ = {isa = PBXFileReference; lastKnownFileType = file; path = "Cairo-ExtraLight.ttf"; sourceTree = "<group>"; };
		966D381F23972AB1009E6A43 /* Cairo-SemiBold.ttf */ = {isa = PBXFileReference; lastKnownFileType = file; path = "Cairo-SemiBold.ttf"; sourceTree = "<group>"; };
		966D382023972AB1009E6A43 /* Cairo-Light.ttf */ = {isa = PBXFileReference; lastKnownFileType = file; path = "Cairo-Light.ttf"; sourceTree = "<group>"; };
		966D382123972AB2009E6A43 /* Cairo-Bold.ttf */ = {isa = PBXFileReference; lastKnownFileType = file; path = "Cairo-Bold.ttf"; sourceTree = "<group>"; };
		966D382223972AB2009E6A43 /* Cairo-Black.ttf */ = {isa = PBXFileReference; lastKnownFileType = file; path = "Cairo-Black.ttf"; sourceTree = "<group>"; };
		966D382923999DB4009E6A43 /* ResetPasswordVC.swift */ = {isa = PBXFileReference; lastKnownFileType = sourcecode.swift; path = ResetPasswordVC.swift; sourceTree = "<group>"; };
		966D382B2399AA56009E6A43 /* Text Image.swift */ = {isa = PBXFileReference; lastKnownFileType = sourcecode.swift; path = "Text Image.swift"; sourceTree = "<group>"; };
		966D382D239AA024009E6A43 /* Helper.swift */ = {isa = PBXFileReference; lastKnownFileType = sourcecode.swift; path = Helper.swift; sourceTree = "<group>"; };
		966D713824DC38A300035A11 /* GetDocProfile.swift */ = {isa = PBXFileReference; lastKnownFileType = sourcecode.swift; path = GetDocProfile.swift; sourceTree = "<group>"; };
		968184C724151F1900308CEE /* DoctorAPI.swift */ = {isa = PBXFileReference; lastKnownFileType = sourcecode.swift; path = DoctorAPI.swift; sourceTree = "<group>"; };
		96867DE423FD9CCE005CF342 /* SelectedDoctorVC.swift */ = {isa = PBXFileReference; lastKnownFileType = sourcecode.swift; path = SelectedDoctorVC.swift; sourceTree = "<group>"; };
		96867DE623FD9D09005CF342 /* PopupVisitorRatingVC.swift */ = {isa = PBXFileReference; lastKnownFileType = sourcecode.swift; path = PopupVisitorRatingVC.swift; sourceTree = "<group>"; };
		96867DE823FD9D48005CF342 /* SearchByArea&SpecialityVC.swift */ = {isa = PBXFileReference; lastKnownFileType = sourcecode.swift; path = "SearchByArea&SpecialityVC.swift"; sourceTree = "<group>"; };
		96867DEA23FD9D6A005CF342 /* SearchCritriaVC.swift */ = {isa = PBXFileReference; lastKnownFileType = sourcecode.swift; path = SearchCritriaVC.swift; sourceTree = "<group>"; };
		96867DEC23FD9D9E005CF342 /* File.swift */ = {isa = PBXFileReference; lastKnownFileType = sourcecode.swift; path = File.swift; sourceTree = "<group>"; };
		96867DEE23FDAB71005CF342 /* VisitorRatingTableViewCell.swift */ = {isa = PBXFileReference; lastKnownFileType = sourcecode.swift; path = VisitorRatingTableViewCell.swift; sourceTree = "<group>"; };
		96867DF023FDAC12005CF342 /* SearchCritriaTableViewCell.swift */ = {isa = PBXFileReference; lastKnownFileType = sourcecode.swift; path = SearchCritriaTableViewCell.swift; sourceTree = "<group>"; };
		96867DF223FDAC3E005CF342 /* SelectedDoctorCollectionViewCell.swift */ = {isa = PBXFileReference; lastKnownFileType = sourcecode.swift; path = SelectedDoctorCollectionViewCell.swift; sourceTree = "<group>"; };
		969165B724191E8800EC375A /* searchByDocNameVC.swift */ = {isa = PBXFileReference; lastKnownFileType = sourcecode.swift; path = searchByDocNameVC.swift; sourceTree = "<group>"; };
		96960145240AF42300621117 /* MyAppointmentWantCancledVCTableViewCell.swift */ = {isa = PBXFileReference; lastKnownFileType = sourcecode.swift; path = MyAppointmentWantCancledVCTableViewCell.swift; sourceTree = "<group>"; };
		96960147240AF43B00621117 /* MyAppointmentDidCanceledVCTableViewCell.swift */ = {isa = PBXFileReference; lastKnownFileType = sourcecode.swift; path = MyAppointmentDidCanceledVCTableViewCell.swift; sourceTree = "<group>"; };
		9696F9AC24DB0C0D00035A11 /* TicketInformationVC2.swift */ = {isa = PBXFileReference; lastKnownFileType = sourcecode.swift; path = TicketInformationVC2.swift; sourceTree = "<group>"; };
		9696F9AE24DB447C00035A11 /* headCurrentBooking.swift */ = {isa = PBXFileReference; lastKnownFileType = sourcecode.swift; path = headCurrentBooking.swift; sourceTree = "<group>"; };
		9698B66C2403395F00DD3B83 /* BookDoctorTableViewCell.swift */ = {isa = PBXFileReference; fileEncoding = 4; lastKnownFileType = sourcecode.swift; path = BookDoctorTableViewCell.swift; sourceTree = "<group>"; };
		96A8D18A23F363AF003C3EAB /* ContactUsVC.swift */ = {isa = PBXFileReference; lastKnownFileType = sourcecode.swift; path = ContactUsVC.swift; sourceTree = "<group>"; };
		96A8D18C23F3A625003C3EAB /* AboutImmunityVC.swift */ = {isa = PBXFileReference; lastKnownFileType = sourcecode.swift; path = AboutImmunityVC.swift; sourceTree = "<group>"; };
		96A8D18E23F3ABA0003C3EAB /* API+UpdatePatientData.swift */ = {isa = PBXFileReference; lastKnownFileType = sourcecode.swift; path = "API+UpdatePatientData.swift"; sourceTree = "<group>"; };
		96A8D19123F3B202003C3EAB /* SearchVC.swift */ = {isa = PBXFileReference; lastKnownFileType = sourcecode.swift; path = SearchVC.swift; sourceTree = "<group>"; };
		96A9701E246752820061B04A /* message.swift */ = {isa = PBXFileReference; lastKnownFileType = sourcecode.swift; path = message.swift; sourceTree = "<group>"; };
		96AD201523E32A600053657F /* moreVC.swift */ = {isa = PBXFileReference; lastKnownFileType = sourcecode.swift; path = moreVC.swift; sourceTree = "<group>"; };
		96AED7DF2498FBEC009F1498 /* HEditDoctorSearchVC.swift */ = {isa = PBXFileReference; lastKnownFileType = sourcecode.swift; path = HEditDoctorSearchVC.swift; sourceTree = "<group>"; };
		96AED7E124990412009F1498 /* HEditDoctorSearchTableViewCell.swift */ = {isa = PBXFileReference; lastKnownFileType = sourcecode.swift; path = HEditDoctorSearchTableViewCell.swift; sourceTree = "<group>"; };
		96AED7E324991585009F1498 /* HEditSelectedDoctorVC.swift */ = {isa = PBXFileReference; lastKnownFileType = sourcecode.swift; path = HEditSelectedDoctorVC.swift; sourceTree = "<group>"; };
		96AED7E5249954CA009F1498 /* HEditSelectedDoctorActionVC.swift */ = {isa = PBXFileReference; lastKnownFileType = sourcecode.swift; path = HEditSelectedDoctorActionVC.swift; sourceTree = "<group>"; };
		96B55C3F23F2DA3F0069AEC5 /* settingVC.swift */ = {isa = PBXFileReference; lastKnownFileType = sourcecode.swift; path = settingVC.swift; sourceTree = "<group>"; };
		96B55C4123F2DBC40069AEC5 /* UpdateDataVC.swift */ = {isa = PBXFileReference; lastKnownFileType = sourcecode.swift; path = UpdateDataVC.swift; sourceTree = "<group>"; };
		96B55C4323F2E8A00069AEC5 /* ChangePasswordVC.swift */ = {isa = PBXFileReference; lastKnownFileType = sourcecode.swift; path = ChangePasswordVC.swift; sourceTree = "<group>"; };
		96B88C62243F7BCD00D4F05E /* MStabBar.swift */ = {isa = PBXFileReference; lastKnownFileType = sourcecode.swift; path = MStabBar.swift; sourceTree = "<group>"; };
		96D28B40243A58F80062877D /* DetailViewController.swift */ = {isa = PBXFileReference; lastKnownFileType = sourcecode.swift; path = DetailViewController.swift; sourceTree = "<group>"; };
		96E0A9C223F34FA70027BA06 /* assets.xcassets */ = {isa = PBXFileReference; lastKnownFileType = folder.assetcatalog; path = assets.xcassets; sourceTree = "<group>"; };
		96E40F052449DF6B00F3AB1D /* DSignInVC.swift */ = {isa = PBXFileReference; lastKnownFileType = sourcecode.swift; path = DSignInVC.swift; sourceTree = "<group>"; };
		96E40F072449E0DA00F3AB1D /* SelectLoginVC.swift */ = {isa = PBXFileReference; lastKnownFileType = sourcecode.swift; path = SelectLoginVC.swift; sourceTree = "<group>"; };
		96E9186824045F4600D4A60C /* AppointmentDetailsVC.swift */ = {isa = PBXFileReference; lastKnownFileType = sourcecode.swift; path = AppointmentDetailsVC.swift; sourceTree = "<group>"; };
		96E9186A240483C600D4A60C /* AppointmentDetailsTableViewCell.swift */ = {isa = PBXFileReference; lastKnownFileType = sourcecode.swift; path = AppointmentDetailsTableViewCell.swift; sourceTree = "<group>"; };
		96ECDC01240EC1B400C29834 /* Hospital.storyboard */ = {isa = PBXFileReference; lastKnownFileType = file.storyboard; path = Hospital.storyboard; sourceTree = "<group>"; };
		96ECDC04240EC57700C29834 /* HFirstVC.swift */ = {isa = PBXFileReference; lastKnownFileType = sourcecode.swift; path = HFirstVC.swift; sourceTree = "<group>"; };
		96ECDC06240ECE8000C29834 /* HClinicDefinitionVC.swift */ = {isa = PBXFileReference; lastKnownFileType = sourcecode.swift; path = HClinicDefinitionVC.swift; sourceTree = "<group>"; };
		96ECDC08240ED11200C29834 /* HCreateDoctorVC.swift */ = {isa = PBXFileReference; lastKnownFileType = sourcecode.swift; path = HCreateDoctorVC.swift; sourceTree = "<group>"; };
		96ECDC0A240EF67200C29834 /* doctors.swift */ = {isa = PBXFileReference; lastKnownFileType = sourcecode.swift; path = doctors.swift; sourceTree = "<group>"; };
		96ED723923FEDAA0009EFA70 /* BookingConfirmationVC.swift */ = {isa = PBXFileReference; lastKnownFileType = sourcecode.swift; path = BookingConfirmationVC.swift; sourceTree = "<group>"; };
		96ED723B23FEDB0F009EFA70 /* MyAppointmentVC.swift */ = {isa = PBXFileReference; lastKnownFileType = sourcecode.swift; path = MyAppointmentVC.swift; sourceTree = "<group>"; };
		96ED723D23FF5362009EFA70 /* FavoritesVC.swift */ = {isa = PBXFileReference; lastKnownFileType = sourcecode.swift; path = FavoritesVC.swift; sourceTree = "<group>"; };
		96ED724323FF5988009EFA70 /* TabBarVCs.swift */ = {isa = PBXFileReference; lastKnownFileType = sourcecode.swift; path = TabBarVCs.swift; sourceTree = "<group>"; };
		96ED72462400080F009EFA70 /* MyAppointmentVCTableViewCell.swift */ = {isa = PBXFileReference; lastKnownFileType = sourcecode.swift; path = MyAppointmentVCTableViewCell.swift; sourceTree = "<group>"; };
		96FEF8E8241C95E7003D574F /* loadMore.swift */ = {isa = PBXFileReference; lastKnownFileType = sourcecode.swift; path = loadMore.swift; sourceTree = "<group>"; };
		E3AAA4A6708A28F3D8F4BDD0 /* Pods-IMMUNITY.release.xcconfig */ = {isa = PBXFileReference; includeInIndex = 1; lastKnownFileType = text.xcconfig; name = "Pods-IMMUNITY.release.xcconfig"; path = "Pods/Target Support Files/Pods-IMMUNITY/Pods-IMMUNITY.release.xcconfig"; sourceTree = "<group>"; };
/* End PBXFileReference section */

/* Begin PBXFrameworksBuildPhase section */
		966D37E823929B63009E6A43 /* Frameworks */ = {
			isa = PBXFrameworksBuildPhase;
			buildActionMask = 2147483647;
			files = (
				745744703AD262BBD903B09B /* Pods_IMMUNITY.framework in Frameworks */,
			);
			runOnlyForDeploymentPostprocessing = 0;
		};
/* End PBXFrameworksBuildPhase section */

/* Begin PBXGroup section */
		2ABE5F072CD7788F8C61B618 /* Pods */ = {
			isa = PBXGroup;
			children = (
				457436457AD0E0E2B8076D61 /* Pods-IMMUNITY.debug.xcconfig */,
				E3AAA4A6708A28F3D8F4BDD0 /* Pods-IMMUNITY.release.xcconfig */,
			);
			name = Pods;
			sourceTree = "<group>";
		};
		960576902430FF9200660EA6 /* controller */ = {
			isa = PBXGroup;
			children = (
				966D38082392B97C009E6A43 /* Patient */,
				96ECDC03240EC54E00C29834 /* Hospital */,
				960576912430FFA300660EA6 /* Doctor */,
			);
			path = controller;
			sourceTree = "<group>";
		};
		960576912430FFA300660EA6 /* Doctor */ = {
			isa = PBXGroup;
			children = (
				9605769224310A6900660EA6 /* DFirstVC.swift */,
				9619784A243F92ED00AB8A9A /* DAppointmentVC.swift */,
				9696F9AC24DB0C0D00035A11 /* TicketInformationVC2.swift */,
				9619784C243F932700AB8A9A /* TableViewCellAppoint.swift */,
				96D28B40243A58F80062877D /* DetailViewController.swift */,
				96AED7E324991585009F1498 /* HEditSelectedDoctorVC.swift */,
				96AED7E5249954CA009F1498 /* HEditSelectedDoctorActionVC.swift */,
				96E40F052449DF6B00F3AB1D /* DSignInVC.swift */,
				963EB50A24D5CD6400035A11 /* DMoreVC.swift */,
				963EB50C24D7452000035A11 /* ShowDoctorTicketsVC.swift */,
				963EB52124D7883A00035A11 /* ShowDoctorTicketsCollectionViewCell.swift */,
				963EB51024D76E2700035A11 /* createShowTickets */,
			);
			path = Doctor;
			sourceTree = "<group>";
		};
		960A2D5724D4C67500035A11 /* doctor */ = {
			isa = PBXGroup;
			children = (
				963EB52324D7979B00035A11 /* MainDoctors.swift */,
				9696F9AE24DB447C00035A11 /* headCurrentBooking.swift */,
				9603CC6024D86C2700035A11 /* headTicket.swift */,
				962C46D224DA242A00035A11 /* headBookings.swift */,
				966D713824DC38A300035A11 /* GetDocProfile.swift */,
			);
			path = doctor;
			sourceTree = "<group>";
		};
		960A2D5824D4C68700035A11 /* Auth */ = {
			isa = PBXGroup;
			children = (
				960A2D5924D4C69B00035A11 /* auth.swift */,
			);
			path = Auth;
			sourceTree = "<group>";
		};
		960A2D5B24D4C78900035A11 /* AuthApi */ = {
			isa = PBXGroup;
			children = (
				960A2D5524D4C66B00035A11 /* authAPI.swift */,
			);
			path = AuthApi;
			sourceTree = "<group>";
		};
		963EB51024D76E2700035A11 /* createShowTickets */ = {
			isa = PBXGroup;
			children = (
				963EB50E24D7458000035A11 /* CreateDoctorTicketsVC.swift */,
				963EB51324D76EA100035A11 /* saturday.swift */,
				963EB51524D76EB200035A11 /* sunday.swift */,
				963EB51724D76EBE00035A11 /* Monday.swift */,
				963EB51D24D76F1800035A11 /* Tuesday.swift */,
				963EB51924D76EEB00035A11 /* Wednesday.swift */,
				963EB51B24D76F0300035A11 /* Thursday.swift */,
				963EB51F24D76F3200035A11 /* Friday.swift */,
			);
			path = createShowTickets;
			sourceTree = "<group>";
		};
		966D37E223929B63009E6A43 = {
			isa = PBXGroup;
			children = (
				966D37ED23929B63009E6A43 /* IMMUNITY */,
				966D37EC23929B63009E6A43 /* Products */,
				2ABE5F072CD7788F8C61B618 /* Pods */,
				B3E9E0556EB4692B4E98DE66 /* Frameworks */,
			);
			sourceTree = "<group>";
		};
		966D37EC23929B63009E6A43 /* Products */ = {
			isa = PBXGroup;
			children = (
				966D37EB23929B63009E6A43 /* IMMUNITY.app */,
			);
			name = Products;
			sourceTree = "<group>";
		};
		966D37ED23929B63009E6A43 /* IMMUNITY */ = {
			isa = PBXGroup;
			children = (
				96867DEC23FD9D9E005CF342 /* File.swift */,
				966D37EE23929B63009E6A43 /* AppDelegate.swift */,
				966D37FA23929B65009E6A43 /* LaunchScreen.storyboard */,
				966D37FD23929B65009E6A43 /* Info.plist */,
				966D37F523929B63009E6A43 /* IMMUNITY.xcdatamodeld */,
				96E0A9C223F34FA70027BA06 /* assets.xcassets */,
				96ECDC00240EC18D00C29834 /* StoryBourds */,
				960576902430FF9200660EA6 /* controller */,
				96ECDBFD240C713B00C29834 /* models */,
				966D381C23972A82009E6A43 /* Fonts */,
				966D3816239588E5009E6A43 /* URLS */,
				966D381323955CBD009E6A43 /* APIs */,
				966D380C2392BAF0009E6A43 /* Extentions */,
				966D380323929F5C009E6A43 /* View */,
			);
			path = IMMUNITY;
			sourceTree = "<group>";
		};
		966D380323929F5C009E6A43 /* View */ = {
			isa = PBXGroup;
			children = (
				966D380423929F76009E6A43 /* RoundedEdges.swift */,
				966D380623929FBF009E6A43 /* RoundedTF.swift */,
				966D38112392D4BF009E6A43 /* gradiantColor.swift */,
				966D382B2399AA56009E6A43 /* Text Image.swift */,
				96FEF8E8241C95E7003D574F /* loadMore.swift */,
			);
			path = View;
			sourceTree = "<group>";
		};
		966D38082392B97C009E6A43 /* Patient */ = {
			isa = PBXGroup;
			children = (
				966D38092392B9C2009E6A43 /* Auth */,
				96A8D19023F3B1EB003C3EAB /* Search */,
				96AD201423E32A470053657F /* more */,
				96ED7245240007E0009EFA70 /* Appointment */,
				96ED723D23FF5362009EFA70 /* FavoritesVC.swift */,
				9605768C2430EFE800660EA6 /* FavoritesVCTableViewCell.swift */,
				96ED724323FF5988009EFA70 /* TabBarVCs.swift */,
				96B88C62243F7BCD00D4F05E /* MStabBar.swift */,
			);
			path = Patient;
			sourceTree = "<group>";
		};
		966D38092392B9C2009E6A43 /* Auth */ = {
			isa = PBXGroup;
			children = (
				966D37F023929B63009E6A43 /* FirstVC.swift */,
				96E40F072449E0DA00F3AB1D /* SelectLoginVC.swift */,
				966D380F2392BB37009E6A43 /* SignUpVC.swift */,
				966D380A2392B9E0009E6A43 /* LoginVC.swift */,
				966D382923999DB4009E6A43 /* ResetPasswordVC.swift */,
			);
			path = Auth;
			sourceTree = "<group>";
		};
		966D380C2392BAF0009E6A43 /* Extentions */ = {
			isa = PBXGroup;
			children = (
				966D380D2392BB02009E6A43 /* ShowAlert.swift */,
				960CE3D623DF8A22001A8818 /* JSON+Extentions.swift */,
			);
			path = Extentions;
			sourceTree = "<group>";
		};
		966D381323955CBD009E6A43 /* APIs */ = {
			isa = PBXGroup;
			children = (
				966D381423955D57009E6A43 /* API+Auth.swift */,
				96A8D18E23F3ABA0003C3EAB /* API+UpdatePatientData.swift */,
				968184C724151F1900308CEE /* DoctorAPI.swift */,
				962FF6D42432A22200F0C86B /* TicketsApi.swift */,
				960A2D5B24D4C78900035A11 /* AuthApi */,
				962C46D024DA125200035A11 /* headers.swift */,
			);
			path = APIs;
			sourceTree = "<group>";
		};
		966D3816239588E5009E6A43 /* URLS */ = {
			isa = PBXGroup;
			children = (
				966D3817239588F8009E6A43 /* config.swift */,
				966D382D239AA024009E6A43 /* Helper.swift */,
			);
			path = URLS;
			sourceTree = "<group>";
		};
		966D381C23972A82009E6A43 /* Fonts */ = {
			isa = PBXGroup;
			children = (
				966D382223972AB2009E6A43 /* Cairo-Black.ttf */,
				966D382123972AB2009E6A43 /* Cairo-Bold.ttf */,
				966D381E23972AB1009E6A43 /* Cairo-ExtraLight.ttf */,
				966D382023972AB1009E6A43 /* Cairo-Light.ttf */,
				966D381D23972AB0009E6A43 /* Cairo-Regular.ttf */,
				966D381F23972AB1009E6A43 /* Cairo-SemiBold.ttf */,
			);
			path = Fonts;
			sourceTree = "<group>";
		};
		96A8D19023F3B1EB003C3EAB /* Search */ = {
			isa = PBXGroup;
			children = (
				96A8D19123F3B202003C3EAB /* SearchVC.swift */,
				96867DE823FD9D48005CF342 /* SearchByArea&SpecialityVC.swift */,
				96867DEA23FD9D6A005CF342 /* SearchCritriaVC.swift */,
				96867DF023FDAC12005CF342 /* SearchCritriaTableViewCell.swift */,
				96867DE423FD9CCE005CF342 /* SelectedDoctorVC.swift */,
				96867DF223FDAC3E005CF342 /* SelectedDoctorCollectionViewCell.swift */,
				96867DE623FD9D09005CF342 /* PopupVisitorRatingVC.swift */,
				96867DEE23FDAB71005CF342 /* VisitorRatingTableViewCell.swift */,
				9669B30923FEC08E0051ED74 /* TicketInformationVC.swift */,
				96ED723923FEDAA0009EFA70 /* BookingConfirmationVC.swift */,
				9698B66C2403395F00DD3B83 /* BookDoctorTableViewCell.swift */,
				969165B724191E8800EC375A /* searchByDocNameVC.swift */,
			);
			path = Search;
			sourceTree = "<group>";
		};
		96AD201423E32A470053657F /* more */ = {
			isa = PBXGroup;
			children = (
				96AD201523E32A600053657F /* moreVC.swift */,
				962803282400338000B3ABFD /* ApprovalListVC.swift */,
				9628032A240034EA00B3ABFD /* ApprovalListConfirmTableViewCell.swift */,
				96B55C3F23F2DA3F0069AEC5 /* settingVC.swift */,
				96B55C4123F2DBC40069AEC5 /* UpdateDataVC.swift */,
				96B55C4323F2E8A00069AEC5 /* ChangePasswordVC.swift */,
				96A8D18A23F363AF003C3EAB /* ContactUsVC.swift */,
				96A8D18C23F3A625003C3EAB /* AboutImmunityVC.swift */,
			);
			path = more;
			sourceTree = "<group>";
		};
		96ECDBFD240C713B00C29834 /* models */ = {
			isa = PBXGroup;
			children = (
				960A2D5824D4C68700035A11 /* Auth */,
				960A2D5724D4C67500035A11 /* doctor */,
				96ECDC0A240EF67200C29834 /* doctors.swift */,
				962FF6D2243276D800F0C86B /* tickets.swift */,
				96A9701E246752820061B04A /* message.swift */,
			);
			path = models;
			sourceTree = "<group>";
		};
		96ECDC00240EC18D00C29834 /* StoryBourds */ = {
			isa = PBXGroup;
			children = (
				966D37F223929B63009E6A43 /* Patient.storyboard */,
				96ECDC01240EC1B400C29834 /* Hospital.storyboard */,
				96197848243F91E400AB8A9A /* Doctor.storyboard */,
			);
			path = StoryBourds;
			sourceTree = "<group>";
		};
		96ECDC03240EC54E00C29834 /* Hospital */ = {
			isa = PBXGroup;
			children = (
				96ECDC04240EC57700C29834 /* HFirstVC.swift */,
				96ECDC06240ECE8000C29834 /* HClinicDefinitionVC.swift */,
				96ECDC08240ED11200C29834 /* HCreateDoctorVC.swift */,
				96AED7DF2498FBEC009F1498 /* HEditDoctorSearchVC.swift */,
				96AED7E124990412009F1498 /* HEditDoctorSearchTableViewCell.swift */,
			);
			path = Hospital;
			sourceTree = "<group>";
		};
		96ED7245240007E0009EFA70 /* Appointment */ = {
			isa = PBXGroup;
			children = (
				96ED723B23FEDB0F009EFA70 /* MyAppointmentVC.swift */,
				96ED72462400080F009EFA70 /* MyAppointmentVCTableViewCell.swift */,
				96960145240AF42300621117 /* MyAppointmentWantCancledVCTableViewCell.swift */,
				96960147240AF43B00621117 /* MyAppointmentDidCanceledVCTableViewCell.swift */,
				96E9186824045F4600D4A60C /* AppointmentDetailsVC.swift */,
				96E9186A240483C600D4A60C /* AppointmentDetailsTableViewCell.swift */,
			);
			path = Appointment;
			sourceTree = "<group>";
		};
		B3E9E0556EB4692B4E98DE66 /* Frameworks */ = {
			isa = PBXGroup;
			children = (
				170890E670AA592F629ADED4 /* Pods_IMMUNITY.framework */,
			);
			name = Frameworks;
			sourceTree = "<group>";
		};
/* End PBXGroup section */

/* Begin PBXNativeTarget section */
		966D37EA23929B63009E6A43 /* IMMUNITY */ = {
			isa = PBXNativeTarget;
			buildConfigurationList = 966D380023929B65009E6A43 /* Build configuration list for PBXNativeTarget "IMMUNITY" */;
			buildPhases = (
				E8E3747705D9C06A7F611688 /* [CP] Check Pods Manifest.lock */,
				966D37E723929B63009E6A43 /* Sources */,
				966D37E823929B63009E6A43 /* Frameworks */,
				966D37E923929B63009E6A43 /* Resources */,
				E3BE1638A45E95006D305767 /* [CP] Embed Pods Frameworks */,
			);
			buildRules = (
			);
			dependencies = (
			);
			name = IMMUNITY;
			productName = IMMUNITY;
			productReference = 966D37EB23929B63009E6A43 /* IMMUNITY.app */;
			productType = "com.apple.product-type.application";
		};
/* End PBXNativeTarget section */

/* Begin PBXProject section */
		966D37E323929B63009E6A43 /* Project object */ = {
			isa = PBXProject;
			attributes = {
				LastSwiftUpdateCheck = 1010;
				LastUpgradeCheck = 1010;
				ORGANIZATIONNAME = "Mohamed Elfakharany";
				TargetAttributes = {
					966D37EA23929B63009E6A43 = {
						CreatedOnToolsVersion = 10.1;
					};
				};
			};
			buildConfigurationList = 966D37E623929B63009E6A43 /* Build configuration list for PBXProject "IMMUNITY" */;
			compatibilityVersion = "Xcode 9.3";
			developmentRegion = en;
			hasScannedForEncodings = 0;
			knownRegions = (
				en,
				Base,
			);
			mainGroup = 966D37E223929B63009E6A43;
			productRefGroup = 966D37EC23929B63009E6A43 /* Products */;
			projectDirPath = "";
			projectRoot = "";
			targets = (
				966D37EA23929B63009E6A43 /* IMMUNITY */,
			);
		};
/* End PBXProject section */

/* Begin PBXResourcesBuildPhase section */
		966D37E923929B63009E6A43 /* Resources */ = {
			isa = PBXResourcesBuildPhase;
			buildActionMask = 2147483647;
			files = (
				966D37FC23929B65009E6A43 /* LaunchScreen.storyboard in Resources */,
				966D382423972AB2009E6A43 /* Cairo-ExtraLight.ttf in Resources */,
				966D382523972AB2009E6A43 /* Cairo-SemiBold.ttf in Resources */,
				966D382323972AB2009E6A43 /* Cairo-Regular.ttf in Resources */,
				96ECDC02240EC1B400C29834 /* Hospital.storyboard in Resources */,
				96197849243F91E400AB8A9A /* Doctor.storyboard in Resources */,
				966D37F423929B63009E6A43 /* Patient.storyboard in Resources */,
				966D382723972AB2009E6A43 /* Cairo-Bold.ttf in Resources */,
				966D382823972AB2009E6A43 /* Cairo-Black.ttf in Resources */,
				96E0A9C323F34FA70027BA06 /* assets.xcassets in Resources */,
				966D382623972AB2009E6A43 /* Cairo-Light.ttf in Resources */,
			);
			runOnlyForDeploymentPostprocessing = 0;
		};
/* End PBXResourcesBuildPhase section */

/* Begin PBXShellScriptBuildPhase section */
		E3BE1638A45E95006D305767 /* [CP] Embed Pods Frameworks */ = {
			isa = PBXShellScriptBuildPhase;
			buildActionMask = 2147483647;
			files = (
			);
			inputPaths = (
				"${SRCROOT}/Pods/Target Support Files/Pods-IMMUNITY/Pods-IMMUNITY-frameworks.sh",
				"${BUILT_PRODUCTS_DIR}/Alamofire/Alamofire.framework",
				"${BUILT_PRODUCTS_DIR}/Cosmos/Cosmos.framework",
				"${BUILT_PRODUCTS_DIR}/IQKeyboardManagerSwift/IQKeyboardManagerSwift.framework",
				"${BUILT_PRODUCTS_DIR}/Kingfisher/Kingfisher.framework",
				"${BUILT_PRODUCTS_DIR}/NVActivityIndicatorView/NVActivityIndicatorView.framework",
				"${BUILT_PRODUCTS_DIR}/SwiftyJSON/SwiftyJSON.framework",
			);
			name = "[CP] Embed Pods Frameworks";
			outputPaths = (
				"${TARGET_BUILD_DIR}/${FRAMEWORKS_FOLDER_PATH}/Alamofire.framework",
				"${TARGET_BUILD_DIR}/${FRAMEWORKS_FOLDER_PATH}/Cosmos.framework",
				"${TARGET_BUILD_DIR}/${FRAMEWORKS_FOLDER_PATH}/IQKeyboardManagerSwift.framework",
				"${TARGET_BUILD_DIR}/${FRAMEWORKS_FOLDER_PATH}/Kingfisher.framework",
				"${TARGET_BUILD_DIR}/${FRAMEWORKS_FOLDER_PATH}/NVActivityIndicatorView.framework",
				"${TARGET_BUILD_DIR}/${FRAMEWORKS_FOLDER_PATH}/SwiftyJSON.framework",
			);
			runOnlyForDeploymentPostprocessing = 0;
			shellPath = /bin/sh;
			shellScript = "\"${SRCROOT}/Pods/Target Support Files/Pods-IMMUNITY/Pods-IMMUNITY-frameworks.sh\"\n";
			showEnvVarsInLog = 0;
		};
		E8E3747705D9C06A7F611688 /* [CP] Check Pods Manifest.lock */ = {
			isa = PBXShellScriptBuildPhase;
			buildActionMask = 2147483647;
			files = (
			);
			inputPaths = (
				"${PODS_PODFILE_DIR_PATH}/Podfile.lock",
				"${PODS_ROOT}/Manifest.lock",
			);
			name = "[CP] Check Pods Manifest.lock";
			outputPaths = (
				"$(DERIVED_FILE_DIR)/Pods-IMMUNITY-checkManifestLockResult.txt",
			);
			runOnlyForDeploymentPostprocessing = 0;
			shellPath = /bin/sh;
			shellScript = "diff \"${PODS_PODFILE_DIR_PATH}/Podfile.lock\" \"${PODS_ROOT}/Manifest.lock\" > /dev/null\nif [ $? != 0 ] ; then\n    # print error to STDERR\n    echo \"error: The sandbox is not in sync with the Podfile.lock. Run 'pod install' or update your CocoaPods installation.\" >&2\n    exit 1\nfi\n# This output is used by Xcode 'outputs' to avoid re-running this script phase.\necho \"SUCCESS\" > \"${SCRIPT_OUTPUT_FILE_0}\"\n";
			showEnvVarsInLog = 0;
		};
/* End PBXShellScriptBuildPhase section */

/* Begin PBXSourcesBuildPhase section */
		966D37E723929B63009E6A43 /* Sources */ = {
			isa = PBXSourcesBuildPhase;
			buildActionMask = 2147483647;
			files = (
				96B55C4423F2E8A00069AEC5 /* ChangePasswordVC.swift in Sources */,
				966D38102392BB37009E6A43 /* SignUpVC.swift in Sources */,
				9605769324310A6900660EA6 /* DFirstVC.swift in Sources */,
				963EB51424D76EA100035A11 /* saturday.swift in Sources */,
				962FF6D3243276D800F0C86B /* tickets.swift in Sources */,
				96960148240AF43B00621117 /* MyAppointmentDidCanceledVCTableViewCell.swift in Sources */,
				96E40F082449E0DA00F3AB1D /* SelectLoginVC.swift in Sources */,
				9603CC6124D86C2700035A11 /* headTicket.swift in Sources */,
				963EB51824D76EBE00035A11 /* Monday.swift in Sources */,
				968184C824151F1900308CEE /* DoctorAPI.swift in Sources */,
				966D382E239AA024009E6A43 /* Helper.swift in Sources */,
				963EB51624D76EB200035A11 /* sunday.swift in Sources */,
				966D37F723929B63009E6A43 /* IMMUNITY.xcdatamodeld in Sources */,
				96A8D18D23F3A625003C3EAB /* AboutImmunityVC.swift in Sources */,
				963EB52024D76F3200035A11 /* Friday.swift in Sources */,
				96AD201623E32A600053657F /* moreVC.swift in Sources */,
				963EB52424D7979B00035A11 /* MainDoctors.swift in Sources */,
				963EB51A24D76EEB00035A11 /* Wednesday.swift in Sources */,
				966D380723929FBF009E6A43 /* RoundedTF.swift in Sources */,
				966D3818239588F8009E6A43 /* config.swift in Sources */,
				96867DE723FD9D09005CF342 /* PopupVisitorRatingVC.swift in Sources */,
				96867DED23FD9D9E005CF342 /* File.swift in Sources */,
				966D382C2399AA56009E6A43 /* Text Image.swift in Sources */,
				96A8D18F23F3ABA0003C3EAB /* API+UpdatePatientData.swift in Sources */,
				963EB50D24D7452000035A11 /* ShowDoctorTicketsVC.swift in Sources */,
				969165B824191E8800EC375A /* searchByDocNameVC.swift in Sources */,
				9619784B243F92ED00AB8A9A /* DAppointmentVC.swift in Sources */,
				963EB51E24D76F1800035A11 /* Tuesday.swift in Sources */,
				96867DF123FDAC12005CF342 /* SearchCritriaTableViewCell.swift in Sources */,
				966D380B2392B9E0009E6A43 /* LoginVC.swift in Sources */,
				96A9701F246752820061B04A /* message.swift in Sources */,
				96ECDC0B240EF67200C29834 /* doctors.swift in Sources */,
				96ED723C23FEDB0F009EFA70 /* MyAppointmentVC.swift in Sources */,
				962803292400338000B3ABFD /* ApprovalListVC.swift in Sources */,
				96ECDC09240ED11200C29834 /* HCreateDoctorVC.swift in Sources */,
				96A8D18B23F363AF003C3EAB /* ContactUsVC.swift in Sources */,
				9628032B240034EA00B3ABFD /* ApprovalListConfirmTableViewCell.swift in Sources */,
				96B88C63243F7BCD00D4F05E /* MStabBar.swift in Sources */,
				966D37F123929B63009E6A43 /* FirstVC.swift in Sources */,
				96B55C4023F2DA3F0069AEC5 /* settingVC.swift in Sources */,
				963EB51C24D76F0300035A11 /* Thursday.swift in Sources */,
				96ECDC05240EC57700C29834 /* HFirstVC.swift in Sources */,
				9696F9AD24DB0C0D00035A11 /* TicketInformationVC2.swift in Sources */,
				96867DEF23FDAB71005CF342 /* VisitorRatingTableViewCell.swift in Sources */,
				96AED7E224990412009F1498 /* HEditDoctorSearchTableViewCell.swift in Sources */,
				962FF6D52432A22200F0C86B /* TicketsApi.swift in Sources */,
				96AED7E6249954CA009F1498 /* HEditSelectedDoctorActionVC.swift in Sources */,
				96867DF323FDAC3E005CF342 /* SelectedDoctorCollectionViewCell.swift in Sources */,
				966D380E2392BB02009E6A43 /* ShowAlert.swift in Sources */,
				96D28B41243A58F80062877D /* DetailViewController.swift in Sources */,
				96867DEB23FD9D6A005CF342 /* SearchCritriaVC.swift in Sources */,
				962C46D124DA125200035A11 /* headers.swift in Sources */,
				96A8D19223F3B202003C3EAB /* SearchVC.swift in Sources */,
				96FEF8E9241C95E7003D574F /* loadMore.swift in Sources */,
				9605768D2430EFE800660EA6 /* FavoritesVCTableViewCell.swift in Sources */,
				96E40F062449DF6B00F3AB1D /* DSignInVC.swift in Sources */,
				9619784D243F932700AB8A9A /* TableViewCellAppoint.swift in Sources */,
				966D381523955D57009E6A43 /* API+Auth.swift in Sources */,
				963EB50F24D7458000035A11 /* CreateDoctorTicketsVC.swift in Sources */,
				96E9186924045F4600D4A60C /* AppointmentDetailsVC.swift in Sources */,
				9669B30A23FEC08E0051ED74 /* TicketInformationVC.swift in Sources */,
				96ED723E23FF5362009EFA70 /* FavoritesVC.swift in Sources */,
				9696F9AF24DB447C00035A11 /* headCurrentBooking.swift in Sources */,
				96E9186B240483C600D4A60C /* AppointmentDetailsTableViewCell.swift in Sources */,
				960CE3D723DF8A22001A8818 /* JSON+Extentions.swift in Sources */,
				966D38122392D4BF009E6A43 /* gradiantColor.swift in Sources */,
				96ED723A23FEDAA0009EFA70 /* BookingConfirmationVC.swift in Sources */,
				960A2D5624D4C66B00035A11 /* authAPI.swift in Sources */,
				966D380523929F76009E6A43 /* RoundedEdges.swift in Sources */,
				962C46D324DA242A00035A11 /* headBookings.swift in Sources */,
				960A2D5A24D4C69B00035A11 /* auth.swift in Sources */,
				96ECDC07240ECE8000C29834 /* HClinicDefinitionVC.swift in Sources */,
				96ED724423FF5988009EFA70 /* TabBarVCs.swift in Sources */,
				9698B66E2403396200DD3B83 /* BookDoctorTableViewCell.swift in Sources */,
				966D37EF23929B63009E6A43 /* AppDelegate.swift in Sources */,
				963EB52224D7883A00035A11 /* ShowDoctorTicketsCollectionViewCell.swift in Sources */,
				96AED7E02498FBEC009F1498 /* HEditDoctorSearchVC.swift in Sources */,
				96ED72472400080F009EFA70 /* MyAppointmentVCTableViewCell.swift in Sources */,
				96867DE923FD9D48005CF342 /* SearchByArea&SpecialityVC.swift in Sources */,
				966D382A23999DB4009E6A43 /* ResetPasswordVC.swift in Sources */,
				96960146240AF42300621117 /* MyAppointmentWantCancledVCTableViewCell.swift in Sources */,
				96867DE523FD9CCE005CF342 /* SelectedDoctorVC.swift in Sources */,
				96B55C4223F2DBC40069AEC5 /* UpdateDataVC.swift in Sources */,
				966D713924DC38A300035A11 /* GetDocProfile.swift in Sources */,
				963EB50B24D5CD6400035A11 /* DMoreVC.swift in Sources */,
				96AED7E424991585009F1498 /* HEditSelectedDoctorVC.swift in Sources */,
			);
			runOnlyForDeploymentPostprocessing = 0;
		};
/* End PBXSourcesBuildPhase section */

/* Begin PBXVariantGroup section */
		966D37F223929B63009E6A43 /* Patient.storyboard */ = {
			isa = PBXVariantGroup;
			children = (
				966D37F323929B63009E6A43 /* Base */,
			);
			name = Patient.storyboard;
			sourceTree = "<group>";
		};
		966D37FA23929B65009E6A43 /* LaunchScreen.storyboard */ = {
			isa = PBXVariantGroup;
			children = (
				966D37FB23929B65009E6A43 /* Base */,
			);
			name = LaunchScreen.storyboard;
			sourceTree = "<group>";
		};
/* End PBXVariantGroup section */

/* Begin XCBuildConfiguration section */
		966D37FE23929B65009E6A43 /* Debug */ = {
			isa = XCBuildConfiguration;
			buildSettings = {
				ALWAYS_SEARCH_USER_PATHS = NO;
				CLANG_ANALYZER_NONNULL = YES;
				CLANG_ANALYZER_NUMBER_OBJECT_CONVERSION = YES_AGGRESSIVE;
				CLANG_CXX_LANGUAGE_STANDARD = "gnu++14";
				CLANG_CXX_LIBRARY = "libc++";
				CLANG_ENABLE_MODULES = YES;
				CLANG_ENABLE_OBJC_ARC = YES;
				CLANG_ENABLE_OBJC_WEAK = YES;
				CLANG_WARN_BLOCK_CAPTURE_AUTORELEASING = YES;
				CLANG_WARN_BOOL_CONVERSION = YES;
				CLANG_WARN_COMMA = YES;
				CLANG_WARN_CONSTANT_CONVERSION = YES;
				CLANG_WARN_DEPRECATED_OBJC_IMPLEMENTATIONS = YES;
				CLANG_WARN_DIRECT_OBJC_ISA_USAGE = YES_ERROR;
				CLANG_WARN_DOCUMENTATION_COMMENTS = YES;
				CLANG_WARN_EMPTY_BODY = YES;
				CLANG_WARN_ENUM_CONVERSION = YES;
				CLANG_WARN_INFINITE_RECURSION = YES;
				CLANG_WARN_INT_CONVERSION = YES;
				CLANG_WARN_NON_LITERAL_NULL_CONVERSION = YES;
				CLANG_WARN_OBJC_IMPLICIT_RETAIN_SELF = YES;
				CLANG_WARN_OBJC_LITERAL_CONVERSION = YES;
				CLANG_WARN_OBJC_ROOT_CLASS = YES_ERROR;
				CLANG_WARN_RANGE_LOOP_ANALYSIS = YES;
				CLANG_WARN_STRICT_PROTOTYPES = YES;
				CLANG_WARN_SUSPICIOUS_MOVE = YES;
				CLANG_WARN_UNGUARDED_AVAILABILITY = YES_AGGRESSIVE;
				CLANG_WARN_UNREACHABLE_CODE = YES;
				CLANG_WARN__DUPLICATE_METHOD_MATCH = YES;
				CODE_SIGN_IDENTITY = "iPhone Developer";
				COPY_PHASE_STRIP = NO;
				DEBUG_INFORMATION_FORMAT = dwarf;
				ENABLE_STRICT_OBJC_MSGSEND = YES;
				ENABLE_TESTABILITY = YES;
				GCC_C_LANGUAGE_STANDARD = gnu11;
				GCC_DYNAMIC_NO_PIC = NO;
				GCC_NO_COMMON_BLOCKS = YES;
				GCC_OPTIMIZATION_LEVEL = 0;
				GCC_PREPROCESSOR_DEFINITIONS = (
					"DEBUG=1",
					"$(inherited)",
				);
				GCC_WARN_64_TO_32_BIT_CONVERSION = YES;
				GCC_WARN_ABOUT_RETURN_TYPE = YES_ERROR;
				GCC_WARN_UNDECLARED_SELECTOR = YES;
				GCC_WARN_UNINITIALIZED_AUTOS = YES_AGGRESSIVE;
				GCC_WARN_UNUSED_FUNCTION = YES;
				GCC_WARN_UNUSED_VARIABLE = YES;
				IPHONEOS_DEPLOYMENT_TARGET = 12.1;
				MTL_ENABLE_DEBUG_INFO = INCLUDE_SOURCE;
				MTL_FAST_MATH = YES;
				ONLY_ACTIVE_ARCH = YES;
				SDKROOT = iphoneos;
				SWIFT_ACTIVE_COMPILATION_CONDITIONS = DEBUG;
				SWIFT_OPTIMIZATION_LEVEL = "-Onone";
			};
			name = Debug;
		};
		966D37FF23929B65009E6A43 /* Release */ = {
			isa = XCBuildConfiguration;
			buildSettings = {
				ALWAYS_SEARCH_USER_PATHS = NO;
				CLANG_ANALYZER_NONNULL = YES;
				CLANG_ANALYZER_NUMBER_OBJECT_CONVERSION = YES_AGGRESSIVE;
				CLANG_CXX_LANGUAGE_STANDARD = "gnu++14";
				CLANG_CXX_LIBRARY = "libc++";
				CLANG_ENABLE_MODULES = YES;
				CLANG_ENABLE_OBJC_ARC = YES;
				CLANG_ENABLE_OBJC_WEAK = YES;
				CLANG_WARN_BLOCK_CAPTURE_AUTORELEASING = YES;
				CLANG_WARN_BOOL_CONVERSION = YES;
				CLANG_WARN_COMMA = YES;
				CLANG_WARN_CONSTANT_CONVERSION = YES;
				CLANG_WARN_DEPRECATED_OBJC_IMPLEMENTATIONS = YES;
				CLANG_WARN_DIRECT_OBJC_ISA_USAGE = YES_ERROR;
				CLANG_WARN_DOCUMENTATION_COMMENTS = YES;
				CLANG_WARN_EMPTY_BODY = YES;
				CLANG_WARN_ENUM_CONVERSION = YES;
				CLANG_WARN_INFINITE_RECURSION = YES;
				CLANG_WARN_INT_CONVERSION = YES;
				CLANG_WARN_NON_LITERAL_NULL_CONVERSION = YES;
				CLANG_WARN_OBJC_IMPLICIT_RETAIN_SELF = YES;
				CLANG_WARN_OBJC_LITERAL_CONVERSION = YES;
				CLANG_WARN_OBJC_ROOT_CLASS = YES_ERROR;
				CLANG_WARN_RANGE_LOOP_ANALYSIS = YES;
				CLANG_WARN_STRICT_PROTOTYPES = YES;
				CLANG_WARN_SUSPICIOUS_MOVE = YES;
				CLANG_WARN_UNGUARDED_AVAILABILITY = YES_AGGRESSIVE;
				CLANG_WARN_UNREACHABLE_CODE = YES;
				CLANG_WARN__DUPLICATE_METHOD_MATCH = YES;
				CODE_SIGN_IDENTITY = "iPhone Developer";
				COPY_PHASE_STRIP = NO;
				DEBUG_INFORMATION_FORMAT = "dwarf-with-dsym";
				ENABLE_NS_ASSERTIONS = NO;
				ENABLE_STRICT_OBJC_MSGSEND = YES;
				GCC_C_LANGUAGE_STANDARD = gnu11;
				GCC_NO_COMMON_BLOCKS = YES;
				GCC_WARN_64_TO_32_BIT_CONVERSION = YES;
				GCC_WARN_ABOUT_RETURN_TYPE = YES_ERROR;
				GCC_WARN_UNDECLARED_SELECTOR = YES;
				GCC_WARN_UNINITIALIZED_AUTOS = YES_AGGRESSIVE;
				GCC_WARN_UNUSED_FUNCTION = YES;
				GCC_WARN_UNUSED_VARIABLE = YES;
				IPHONEOS_DEPLOYMENT_TARGET = 12.1;
				MTL_ENABLE_DEBUG_INFO = NO;
				MTL_FAST_MATH = YES;
				SDKROOT = iphoneos;
				SWIFT_COMPILATION_MODE = wholemodule;
				SWIFT_OPTIMIZATION_LEVEL = "-O";
				VALIDATE_PRODUCT = YES;
			};
			name = Release;
		};
		966D380123929B65009E6A43 /* Debug */ = {
			isa = XCBuildConfiguration;
			baseConfigurationReference = 457436457AD0E0E2B8076D61 /* Pods-IMMUNITY.debug.xcconfig */;
			buildSettings = {
				ASSETCATALOG_COMPILER_APPICON_NAME = AppIcon;
				CODE_SIGN_STYLE = Automatic;
				DEVELOPMENT_TEAM = 3P53K27M38;
				INFOPLIST_FILE = IMMUNITY/Info.plist;
				LD_RUNPATH_SEARCH_PATHS = (
					"$(inherited)",
					"@executable_path/Frameworks",
				);
				PRODUCT_BUNDLE_IDENTIFIER = Elfakharany.IMMUNITY;
				PRODUCT_NAME = "$(TARGET_NAME)";
				SWIFT_VERSION = 4.2;
				TARGETED_DEVICE_FAMILY = "1,2";
			};
			name = Debug;
		};
		966D380223929B65009E6A43 /* Release */ = {
			isa = XCBuildConfiguration;
			baseConfigurationReference = E3AAA4A6708A28F3D8F4BDD0 /* Pods-IMMUNITY.release.xcconfig */;
			buildSettings = {
				ASSETCATALOG_COMPILER_APPICON_NAME = AppIcon;
				CODE_SIGN_STYLE = Automatic;
				DEVELOPMENT_TEAM = 3P53K27M38;
				INFOPLIST_FILE = IMMUNITY/Info.plist;
				LD_RUNPATH_SEARCH_PATHS = (
					"$(inherited)",
					"@executable_path/Frameworks",
				);
				PRODUCT_BUNDLE_IDENTIFIER = Elfakharany.IMMUNITY;
				PRODUCT_NAME = "$(TARGET_NAME)";
				SWIFT_VERSION = 4.2;
				TARGETED_DEVICE_FAMILY = "1,2";
			};
			name = Release;
		};
/* End XCBuildConfiguration section */

/* Begin XCConfigurationList section */
		966D37E623929B63009E6A43 /* Build configuration list for PBXProject "IMMUNITY" */ = {
			isa = XCConfigurationList;
			buildConfigurations = (
				966D37FE23929B65009E6A43 /* Debug */,
				966D37FF23929B65009E6A43 /* Release */,
			);
			defaultConfigurationIsVisible = 0;
			defaultConfigurationName = Release;
		};
		966D380023929B65009E6A43 /* Build configuration list for PBXNativeTarget "IMMUNITY" */ = {
			isa = XCConfigurationList;
			buildConfigurations = (
				966D380123929B65009E6A43 /* Debug */,
				966D380223929B65009E6A43 /* Release */,
			);
			defaultConfigurationIsVisible = 0;
			defaultConfigurationName = Release;
		};
/* End XCConfigurationList section */

/* Begin XCVersionGroup section */
		966D37F523929B63009E6A43 /* IMMUNITY.xcdatamodeld */ = {
			isa = XCVersionGroup;
			children = (
				966D37F623929B63009E6A43 /* IMMUNITY.xcdatamodel */,
			);
			currentVersion = 966D37F623929B63009E6A43 /* IMMUNITY.xcdatamodel */;
			path = IMMUNITY.xcdatamodeld;
			sourceTree = "<group>";
			versionGroupType = wrapper.xcdatamodel;
		};
/* End XCVersionGroup section */
	};
	rootObject = 966D37E323929B63009E6A43 /* Project object */;
}
